
Microsoft Visual Studio Solution File, Format Version 12.00
# Visual Studio 15
VisualStudioVersion = 15.0.28307.168
MinimumVisualStudioVersion = 10.0.40219.1
Project("{FAE04EC0-301F-11D3-BF4B-00C04F79EFBC}") = "hostel management", "hostel management\hostel management.csproj", "{23AE3B26-55DD-46F3-85A4-698968608210}"
EndProject
Global
	GlobalSection(SolutionConfigurationPlatforms) = preSolution
		Debug|Any CPU = Debug|Any CPU
		Release|Any CPU = Release|Any CPU
	EndGlobalSection
	GlobalSection(ProjectConfigurationPlatforms) = postSolution
		{23AE3B26-55DD-46F3-85A4-698968608210}.Debug|Any CPU.ActiveCfg = Debug|Any CPU
		{23AE3B26-55DD-46F3-85A4-698968608210}.Debug|Any CPU.Build.0 = Debug|Any CPU
		{23AE3B26-55DD-46F3-85A4-698968608210}.Release|Any CPU.ActiveCfg = Release|Any CPU
		{23AE3B26-55DD-46F3-85A4-698968608210}.Release|Any CPU.Build.0 = Release|Any CPU
	EndGlobalSection
	GlobalSection(SolutionProperties) = preSolution
		HideSolutionNode = FALSE
	EndGlobalSection
	GlobalSection(ExtensibilityGlobals) = postSolution
		SolutionGuid = {2E57DBE7-D8BC-41BB-959C-122B89403E7D}
	EndGlobalSection
EndGlobal
